# Machine-readable shell assignments. Update checksums and SHAs together.
ALPINE_BRANCH=v3.23
BUILDER_REPOSITORY=https://github.com/raspi-alpine/builder.git
BUILDER_COMMIT=2fa90a461014208891fee9494d5ccd47fa26371a
BUILDER_SUBMODULE=vendor/builder
FOO2ZJS_REPOSITORY=https://github.com/OpenPrinting/foo2zjs.git
FOO2ZJS_COMMIT=f8500e3b1de02b5d88330ebd4d2ea079e2bebbfd
FOO2ZJS_SUBMODULE=vendor/foo2zjs
FOO2ZJS_ARCHIVE_SHA256=8fe03ab526348519e751f0ba58cacd349de77b600f0f5f795a7deed83ca72746
RTL8811CU_REPOSITORY=https://github.com/baiyunquan/RTL8811CU_for_Raspbian.git
RTL8811CU_COMMIT=d28dd4b5949c4be59a8bacb67c68dd1dbd511bb5
RTL8811CU_SUBMODULE=RTL8811CU_Driver
RPI_FIRMWARE_BRANCH=alpine
RPI_FIRMWARE_COMMIT=alpine-package-from-v3.23
RPI_FIRMWARE_PACKAGE=linux-rpi=6.12.85-r0
LINUX_RPI_VERSION=6.12.85-r0
LINUX_FIRMWARE_RTW88_VERSION=20251125-r1
RPI_BOOTLOADER_VERSION=1.20260619-r0
BUILDER_BASE_IMAGE=docker.io/library/alpine:3.23
BUILDER_BASE_IMAGE_DIGEST=sha256:fd791d74b68913cbb027c6546007b3f0d3bc45125f797758156952bc2d6daf40
HP1020_FIRMWARE_URL=https://www.quirinux.org/printers/sihp1020.tar.gz
HP1020_FIRMWARE_ARCHIVE_SHA256=ec4665c6704c2db3cfaeb71bb06f1bbc9449c030504b04f533a84bdfae89f966
HP1020_FIRMWARE_IMAGE_SHA256=9d10d8e84a9577f268aac6336ed18cf9235e6f732c1f68e8913c787db60106ce
HP1020_FIRMWARE_DL_SHA256=133b21fe0cb24bfe53e2eff2f00a82cce4beb970749049661ade7a6801f22663
ACTION_CHECKOUT_SHA=11d5960a326750d5838078e36cf38b85af677262
ACTION_SETUP_QEMU_SHA=c7c53464625b32c7a7e944ae62b3e17d2b600130
ACTION_SETUP_BUILDX_SHA=8d2750c68a42422c14e847fe6c8ac0403b4cbd6f
ACTION_CACHE_SHA=0057852bfaa89a56745cba8c7296529d2fc39830
ACTION_UPLOAD_ARTIFACT_SHA=ea165f8d65b6e75b540449e92b4886f43607fa02
ACTION_DOWNLOAD_ARTIFACT_SHA=d3f86a106a0bac45b974a628896c90dbdf5c8093
PROJECT_VERSION=0.1.0
SOURCE_LOCK_UPDATED=2026-07-26
